
Microsoft Visual Studio Solution File, Format Version 12.00
# Visual Studio 15
Project("{FAE04EC0-301F-11D3-BF4B-00C04F79EFBC}") = "Assembly-CSharp", "Assembly-CSharp.csproj", "{35442363-029D-47CC-0DAA-A75A59FDFDDA}"
EndProject
Global
	GlobalSection(SolutionConfigurationPlatforms) = preSolution
		Debug|Any CPU = Debug|Any CPU
		Release|Any CPU = Release|Any CPU
	EndGlobalSection
	GlobalSection(ProjectConfigurationPlatforms) = postSolution
		{35442363-029D-47CC-0DAA-A75A59FDFDDA}.Debug|Any CPU.ActiveCfg = Debug|Any CPU
		{35442363-029D-47CC-0DAA-A75A59FDFDDA}.Debug|Any CPU.Build.0 = Debug|Any CPU
		{35442363-029D-47CC-0DAA-A75A59FDFDDA}.Release|Any CPU.ActiveCfg = Release|Any CPU
		{35442363-029D-47CC-0DAA-A75A59FDFDDA}.Release|Any CPU.Build.0 = Release|Any CPU
	EndGlobalSection
	GlobalSection(SolutionProperties) = preSolution
		HideSolutionNode = FALSE
	EndGlobalSection
EndGlobal
